// !$*UTF8*$!
{
	archiveVersion = 1;
	classes = {
	};
	objectVersion = 46;
	objects = {

/* Begin PBXBuildFile section */
		108239B3FAB3DE39644C1428 /* Pods_BarBetsChat.framework in Frameworks */ = {isa = PBXBuildFile; fileRef = D8D4B472CE8859ACF9EC8C81 /* Pods_BarBetsChat.framework */; };
		3259DE101D3FAE5000262D3E /* woodpattern.jpg in Resources */ = {isa = PBXBuildFile; fileRef = 3259DE0F1D3FAE5000262D3E /* woodpattern.jpg */; };
		3259DE531D4027E500262D3E /* Images in Resources */ = {isa = PBXBuildFile; fileRef = 3259DE521D4027E500262D3E /* Images */; };
		3259DE5F1D40282400262D3E /* barbetslogo.png in Resources */ = {isa = PBXBuildFile; fileRef = 3259DE541D40282400262D3E /* barbetslogo.png */; };
		3259DE601D40282400262D3E /* barbetslogo180180.png in Resources */ = {isa = PBXBuildFile; fileRef = 3259DE551D40282400262D3E /* barbetslogo180180.png */; };
		3259DE611D40282400262D3E /* barbetsicon.png in Resources */ = {isa = PBXBuildFile; fileRef = 3259DE561D40282400262D3E /* barbetsicon.png */; };
		3259DE621D40282400262D3E /* wood-pattern.jpg in Resources */ = {isa = PBXBuildFile; fileRef = 3259DE571D40282400262D3E /* wood-pattern.jpg */; };
		3259DE631D40282400262D3E /* dice1.png in Resources */ = {isa = PBXBuildFile; fileRef = 3259DE581D40282400262D3E /* dice1.png */; };
		3259DE641D40282400262D3E /* dice2.png in Resources */ = {isa = PBXBuildFile; fileRef = 3259DE591D40282400262D3E /* dice2.png */; };
		3259DE651D40282400262D3E /* dice3.png in Resources */ = {isa = PBXBuildFile; fileRef = 3259DE5A1D40282400262D3E /* dice3.png */; };
		3259DE661D40282400262D3E /* dice4.png in Resources */ = {isa = PBXBuildFile; fileRef = 3259DE5B1D40282400262D3E /* dice4.png */; };
		3259DE671D40282400262D3E /* dice5.png in Resources */ = {isa = PBXBuildFile; fileRef = 3259DE5C1D40282400262D3E /* dice5.png */; };
		3259DE681D40282400262D3E /* dice6.png in Resources */ = {isa = PBXBuildFile; fileRef = 3259DE5D1D40282400262D3E /* dice6.png */; };
		3259DE701D40283900262D3E /* CircularCollectionViewCell.swift in Sources */ = {isa = PBXBuildFile; fileRef = 3259DE691D40283900262D3E /* CircularCollectionViewCell.swift */; };
		3259DE711D40283900262D3E /* CircularCollectionViewLayout.swift in Sources */ = {isa = PBXBuildFile; fileRef = 3259DE6A1D40283900262D3E /* CircularCollectionViewLayout.swift */; };
		3259DE721D40283900262D3E /* CircularCollectionViewCell.xib in Resources */ = {isa = PBXBuildFile; fileRef = 3259DE6B1D40283900262D3E /* CircularCollectionViewCell.xib */; };
		3259DE731D40283900262D3E /* CollectionViewController.swift in Sources */ = {isa = PBXBuildFile; fileRef = 3259DE6C1D40283900262D3E /* CollectionViewController.swift */; };
		9F7754791D3EC560003CA6CA /* NewMessageController.swift in Sources */ = {isa = PBXBuildFile; fileRef = 9F7754781D3EC560003CA6CA /* NewMessageController.swift */; };
		9F77547C1D3ECAC3003CA6CA /* User.swift in Sources */ = {isa = PBXBuildFile; fileRef = 9F77547B1D3ECAC3003CA6CA /* User.swift */; };
		9FA9FD781D3FCAB8002A59A1 /* ChatLogController.swift in Sources */ = {isa = PBXBuildFile; fileRef = 9FA9FD771D3FCAB8002A59A1 /* ChatLogController.swift */; };
		9FA9FD7A1D3FDBE3002A59A1 /* Message.swift in Sources */ = {isa = PBXBuildFile; fileRef = 9FA9FD791D3FDBE3002A59A1 /* Message.swift */; };
		9FA9FD7D1D3FE0BE002A59A1 /* UserCell.swift in Sources */ = {isa = PBXBuildFile; fileRef = 9FA9FD7C1D3FE0BE002A59A1 /* UserCell.swift */; };
		9FB5B6EB1D3E80BC00F52597 /* AppDelegate.swift in Sources */ = {isa = PBXBuildFile; fileRef = 9FB5B6EA1D3E80BC00F52597 /* AppDelegate.swift */; };
		9FB5B6ED1D3E80BC00F52597 /* MessagesViewController.swift in Sources */ = {isa = PBXBuildFile; fileRef = 9FB5B6EC1D3E80BC00F52597 /* MessagesViewController.swift */; };
		9FB5B6F01D3E80BC00F52597 /* BarstoolsStoryboard.storyboard in Resources */ = {isa = PBXBuildFile; fileRef = 9FB5B6EE1D3E80BC00F52597 /* BarstoolsStoryboard.storyboard */; };
		9FB5B6F21D3E80BC00F52597 /* Assets.xcassets in Resources */ = {isa = PBXBuildFile; fileRef = 9FB5B6F11D3E80BC00F52597 /* Assets.xcassets */; };
		9FB5B6F51D3E80BC00F52597 /* LaunchScreen.storyboard in Resources */ = {isa = PBXBuildFile; fileRef = 9FB5B6F31D3E80BC00F52597 /* LaunchScreen.storyboard */; };
		9FB5B6FE1D3E907400F52597 /* LoginViewController.swift in Sources */ = {isa = PBXBuildFile; fileRef = 9FB5B6FD1D3E907400F52597 /* LoginViewController.swift */; };
		9FB5B7001D3EAE9100F52597 /* GoogleService-Info.plist in Resources */ = {isa = PBXBuildFile; fileRef = 9FB5B6FF1D3EAE9100F52597 /* GoogleService-Info.plist */; };
/* End PBXBuildFile section */

/* Begin PBXFileReference section */
		3259DE0F1D3FAE5000262D3E /* woodpattern.jpg */ = {isa = PBXFileReference; lastKnownFileType = image.jpeg; path = woodpattern.jpg; sourceTree = "<group>"; };
		3259DE521D4027E500262D3E /* Images */ = {isa = PBXFileReference; lastKnownFileType = folder; path = Images; sourceTree = "<group>"; };
		3259DE541D40282400262D3E /* barbetslogo.png */ = {isa = PBXFileReference; lastKnownFileType = image.png; path = barbetslogo.png; sourceTree = "<group>"; };
		3259DE551D40282400262D3E /* barbetslogo180180.png */ = {isa = PBXFileReference; lastKnownFileType = image.png; path = barbetslogo180180.png; sourceTree = "<group>"; };
		3259DE561D40282400262D3E /* barbetsicon.png */ = {isa = PBXFileReference; lastKnownFileType = image.png; path = barbetsicon.png; sourceTree = "<group>"; };
		3259DE571D40282400262D3E /* wood-pattern.jpg */ = {isa = PBXFileReference; lastKnownFileType = image.jpeg; path = "wood-pattern.jpg"; sourceTree = "<group>"; };
		3259DE581D40282400262D3E /* dice1.png */ = {isa = PBXFileReference; lastKnownFileType = image.png; path = dice1.png; sourceTree = "<group>"; };
		3259DE591D40282400262D3E /* dice2.png */ = {isa = PBXFileReference; lastKnownFileType = image.png; path = dice2.png; sourceTree = "<group>"; };
		3259DE5A1D40282400262D3E /* dice3.png */ = {isa = PBXFileReference; lastKnownFileType = image.png; path = dice3.png; sourceTree = "<group>"; };
		3259DE5B1D40282400262D3E /* dice4.png */ = {isa = PBXFileReference; lastKnownFileType = image.png; path = dice4.png; sourceTree = "<group>"; };
		3259DE5C1D40282400262D3E /* dice5.png */ = {isa = PBXFileReference; lastKnownFileType = image.png; path = dice5.png; sourceTree = "<group>"; };
		3259DE5D1D40282400262D3E /* dice6.png */ = {isa = PBXFileReference; lastKnownFileType = image.png; path = dice6.png; sourceTree = "<group>"; };
		3259DE691D40283900262D3E /* CircularCollectionViewCell.swift */ = {isa = PBXFileReference; fileEncoding = 4; lastKnownFileType = sourcecode.swift; name = CircularCollectionViewCell.swift; path = ../../BSBChat/BarBetsChat/CircularCollectionViewCell.swift; sourceTree = "<group>"; };
		3259DE6A1D40283900262D3E /* CircularCollectionViewLayout.swift */ = {isa = PBXFileReference; fileEncoding = 4; lastKnownFileType = sourcecode.swift; name = CircularCollectionViewLayout.swift; path = ../../BSBChat/BarBetsChat/CircularCollectionViewLayout.swift; sourceTree = "<group>"; };
		3259DE6B1D40283900262D3E /* CircularCollectionViewCell.xib */ = {isa = PBXFileReference; fileEncoding = 4; lastKnownFileType = file.xib; name = CircularCollectionViewCell.xib; path = ../../BSBChat/BarBetsChat/CircularCollectionViewCell.xib; sourceTree = "<group>"; };
		3259DE6C1D40283900262D3E /* CollectionViewController.swift */ = {isa = PBXFileReference; fileEncoding = 4; lastKnownFileType = sourcecode.swift; name = CollectionViewController.swift; path = ../../BSBChat/BarBetsChat/CollectionViewController.swift; sourceTree = "<group>"; };
		8EF65C412C03511AFD9729EC /* Pods-BarBetsChat.release.xcconfig */ = {isa = PBXFileReference; includeInIndex = 1; lastKnownFileType = text.xcconfig; name = "Pods-BarBetsChat.release.xcconfig"; path = "Pods/Target Support Files/Pods-BarBetsChat/Pods-BarBetsChat.release.xcconfig"; sourceTree = "<group>"; };
		9A1A1E0DC82AD44232F83E78 /* Pods-BarBetsChat.debug.xcconfig */ = {isa = PBXFileReference; includeInIndex = 1; lastKnownFileType = text.xcconfig; name = "Pods-BarBetsChat.debug.xcconfig"; path = "Pods/Target Support Files/Pods-BarBetsChat/Pods-BarBetsChat.debug.xcconfig"; sourceTree = "<group>"; };
		9F7754781D3EC560003CA6CA /* NewMessageController.swift */ = {isa = PBXFileReference; fileEncoding = 4; lastKnownFileType = sourcecode.swift; path = NewMessageController.swift; sourceTree = "<group>"; };
		9F77547B1D3ECAC3003CA6CA /* User.swift */ = {isa = PBXFileReference; fileEncoding = 4; lastKnownFileType = sourcecode.swift; path = User.swift; sourceTree = "<group>"; };
		9FA9FD771D3FCAB8002A59A1 /* ChatLogController.swift */ = {isa = PBXFileReference; fileEncoding = 4; lastKnownFileType = sourcecode.swift; path = ChatLogController.swift; sourceTree = "<group>"; };
		9FA9FD791D3FDBE3002A59A1 /* Message.swift */ = {isa = PBXFileReference; fileEncoding = 4; lastKnownFileType = sourcecode.swift; path = Message.swift; sourceTree = "<group>"; };
		9FA9FD7C1D3FE0BE002A59A1 /* UserCell.swift */ = {isa = PBXFileReference; fileEncoding = 4; lastKnownFileType = sourcecode.swift; path = UserCell.swift; sourceTree = "<group>"; };
		9FB5B6E71D3E80BB00F52597 /* BarBetsChat.app */ = {isa = PBXFileReference; explicitFileType = wrapper.application; includeInIndex = 0; path = BarBetsChat.app; sourceTree = BUILT_PRODUCTS_DIR; };
		9FB5B6EA1D3E80BC00F52597 /* AppDelegate.swift */ = {isa = PBXFileReference; lastKnownFileType = sourcecode.swift; path = AppDelegate.swift; sourceTree = "<group>"; };
		9FB5B6EC1D3E80BC00F52597 /* MessagesViewController.swift */ = {isa = PBXFileReference; lastKnownFileType = sourcecode.swift; path = MessagesViewController.swift; sourceTree = "<group>"; };
		9FB5B6EF1D3E80BC00F52597 /* Base */ = {isa = PBXFileReference; lastKnownFileType = file.storyboard; name = Base; path = Base.lproj/BarstoolsStoryboard.storyboard; sourceTree = "<group>"; };
		9FB5B6F11D3E80BC00F52597 /* Assets.xcassets */ = {isa = PBXFileReference; lastKnownFileType = folder.assetcatalog; path = Assets.xcassets; sourceTree = "<group>"; };
		9FB5B6F41D3E80BC00F52597 /* Base */ = {isa = PBXFileReference; lastKnownFileType = file.storyboard; name = Base; path = Base.lproj/LaunchScreen.storyboard; sourceTree = "<group>"; };
		9FB5B6F61D3E80BC00F52597 /* Info.plist */ = {isa = PBXFileReference; lastKnownFileType = text.plist.xml; path = Info.plist; sourceTree = "<group>"; };
		9FB5B6FD1D3E907400F52597 /* LoginViewController.swift */ = {isa = PBXFileReference; fileEncoding = 4; lastKnownFileType = sourcecode.swift; path = LoginViewController.swift; sourceTree = "<group>"; };
		9FB5B6FF1D3EAE9100F52597 /* GoogleService-Info.plist */ = {isa = PBXFileReference; fileEncoding = 4; lastKnownFileType = text.plist.xml; path = "GoogleService-Info.plist"; sourceTree = "<group>"; };
		D8D4B472CE8859ACF9EC8C81 /* Pods_BarBetsChat.framework */ = {isa = PBXFileReference; explicitFileType = wrapper.framework; includeInIndex = 0; path = Pods_BarBetsChat.framework; sourceTree = BUILT_PRODUCTS_DIR; };
/* End PBXFileReference section */

/* Begin PBXFrameworksBuildPhase section */
		9FB5B6E41D3E80BB00F52597 /* Frameworks */ = {
			isa = PBXFrameworksBuildPhase;
			buildActionMask = 2147483647;
			files = (
				108239B3FAB3DE39644C1428 /* Pods_BarBetsChat.framework in Frameworks */,
			);
			runOnlyForDeploymentPostprocessing = 0;
		};
/* End PBXFrameworksBuildPhase section */

/* Begin PBXGroup section */
		13F01EBC3E7EFE4C28FB4231 /* Pods */ = {
			isa = PBXGroup;
			children = (
				9A1A1E0DC82AD44232F83E78 /* Pods-BarBetsChat.debug.xcconfig */,
				8EF65C412C03511AFD9729EC /* Pods-BarBetsChat.release.xcconfig */,
			);
			name = Pods;
			sourceTree = "<group>";
		};
		3259DE511D4027DA00262D3E /* CircleView */ = {
			isa = PBXGroup;
			children = (
				3259DE6F1D40283900262D3E /* Moving Barstools View */,
				3259DE5E1D40282400262D3E /* Images2 */,
				3259DE521D4027E500262D3E /* Images */,
			);
			name = CircleView;
			sourceTree = "<group>";
		};
		3259DE5E1D40282400262D3E /* Images2 */ = {
			isa = PBXGroup;
			children = (
				3259DE541D40282400262D3E /* barbetslogo.png */,
				3259DE551D40282400262D3E /* barbetslogo180180.png */,
				3259DE561D40282400262D3E /* barbetsicon.png */,
				3259DE571D40282400262D3E /* wood-pattern.jpg */,
				3259DE581D40282400262D3E /* dice1.png */,
				3259DE591D40282400262D3E /* dice2.png */,
				3259DE5A1D40282400262D3E /* dice3.png */,
				3259DE5B1D40282400262D3E /* dice4.png */,
				3259DE5C1D40282400262D3E /* dice5.png */,
				3259DE5D1D40282400262D3E /* dice6.png */,
			);
			name = Images2;
			path = ../../BarStoolsCircular/BarStoolsCircular;
			sourceTree = "<group>";
		};
		3259DE6F1D40283900262D3E /* Moving Barstools View */ = {
			isa = PBXGroup;
			children = (
				3259DE691D40283900262D3E /* CircularCollectionViewCell.swift */,
				3259DE6A1D40283900262D3E /* CircularCollectionViewLayout.swift */,
				3259DE6B1D40283900262D3E /* CircularCollectionViewCell.xib */,
				3259DE6C1D40283900262D3E /* CollectionViewController.swift */,
				9FB5B6EE1D3E80BC00F52597 /* BarstoolsStoryboard.storyboard */,
			);
			name = "Moving Barstools View";
			path = ../../BarStoolsCircular/BarStoolsCircular;
			sourceTree = "<group>";
		};
		9F77547A1D3ECAAF003CA6CA /* Model */ = {
			isa = PBXGroup;
			children = (
				9F77547B1D3ECAC3003CA6CA /* User.swift */,
				9FA9FD791D3FDBE3002A59A1 /* Message.swift */,
			);
			name = Model;
			sourceTree = "<group>";
		};
		9FA9FD7B1D3FE0AD002A59A1 /* View */ = {
			isa = PBXGroup;
			children = (
				9FA9FD7C1D3FE0BE002A59A1 /* UserCell.swift */,
			);
			name = View;
			sourceTree = "<group>";
		};
		9FB5B6DE1D3E80BB00F52597 = {
			isa = PBXGroup;
			children = (
				9FB5B6E91D3E80BC00F52597 /* BarBetsChat */,
				9FB5B6E81D3E80BB00F52597 /* Products */,
				13F01EBC3E7EFE4C28FB4231 /* Pods */,
				ECFB44DA7C017FF70FD318FD /* Frameworks */,
			);
			sourceTree = "<group>";
		};
		9FB5B6E81D3E80BB00F52597 /* Products */ = {
			isa = PBXGroup;
			children = (
				9FB5B6E71D3E80BB00F52597 /* BarBetsChat.app */,
			);
			name = Products;
			sourceTree = "<group>";
		};
		9FB5B6E91D3E80BC00F52597 /* BarBetsChat */ = {
			isa = PBXGroup;
			children = (
				3259DE511D4027DA00262D3E /* CircleView */,
				9FA9FD7B1D3FE0AD002A59A1 /* View */,
				9F77547A1D3ECAAF003CA6CA /* Model */,
				9FB5B6FC1D3E905400F52597 /* Controller */,
				9FB5B6EA1D3E80BC00F52597 /* AppDelegate.swift */,
				9FB5B6F11D3E80BC00F52597 /* Assets.xcassets */,
				3259DE0F1D3FAE5000262D3E /* woodpattern.jpg */,
				9FB5B6F31D3E80BC00F52597 /* LaunchScreen.storyboard */,
				9FB5B6F61D3E80BC00F52597 /* Info.plist */,
				9FB5B6FF1D3EAE9100F52597 /* GoogleService-Info.plist */,
			);
			path = BarBetsChat;
			sourceTree = "<group>";
		};
		9FB5B6FC1D3E905400F52597 /* Controller */ = {
			isa = PBXGroup;
			children = (
				9FB5B6FD1D3E907400F52597 /* LoginViewController.swift */,
				9FB5B6EC1D3E80BC00F52597 /* MessagesViewController.swift */,
				9F7754781D3EC560003CA6CA /* NewMessageController.swift */,
				9FA9FD771D3FCAB8002A59A1 /* ChatLogController.swift */,
			);
			name = Controller;
			sourceTree = "<group>";
		};
		ECFB44DA7C017FF70FD318FD /* Frameworks */ = {
			isa = PBXGroup;
			children = (
				D8D4B472CE8859ACF9EC8C81 /* Pods_BarBetsChat.framework */,
			);
			name = Frameworks;
			sourceTree = "<group>";
		};
/* End PBXGroup section */

/* Begin PBXNativeTarget section */
		9FB5B6E61D3E80BB00F52597 /* BarBetsChat */ = {
			isa = PBXNativeTarget;
			buildConfigurationList = 9FB5B6F91D3E80BC00F52597 /* Build configuration list for PBXNativeTarget "BarBetsChat" */;
			buildPhases = (
				2BB637CE1CDB9902AAD54CC2 /* [CP] Check Pods Manifest.lock */,
				9FB5B6E31D3E80BB00F52597 /* Sources */,
				9FB5B6E41D3E80BB00F52597 /* Frameworks */,
				9FB5B6E51D3E80BB00F52597 /* Resources */,
				0D80EDBE0B6AC741C94D1020 /* [CP] Embed Pods Frameworks */,
				3DE42AEA71D603E9D9DEAEA4 /* [CP] Copy Pods Resources */,
			);
			buildRules = (
			);
			dependencies = (
			);
			name = BarBetsChat;
			productName = BarBetsChat;
			productReference = 9FB5B6E71D3E80BB00F52597 /* BarBetsChat.app */;
			productType = "com.apple.product-type.application";
		};
/* End PBXNativeTarget section */

/* Begin PBXProject section */
		9FB5B6DF1D3E80BB00F52597 /* Project object */ = {
			isa = PBXProject;
			attributes = {
				LastSwiftUpdateCheck = 0730;
				LastUpgradeCheck = 0730;
				ORGANIZATIONNAME = "Kayla Kerney";
				TargetAttributes = {
					9FB5B6E61D3E80BB00F52597 = {
						CreatedOnToolsVersion = 7.3.1;
					};
				};
			};
			buildConfigurationList = 9FB5B6E21D3E80BB00F52597 /* Build configuration list for PBXProject "BarBetsChat" */;
			compatibilityVersion = "Xcode 3.2";
			developmentRegion = English;
			hasScannedForEncodings = 0;
			knownRegions = (
				en,
				Base,
			);
			mainGroup = 9FB5B6DE1D3E80BB00F52597;
			productRefGroup = 9FB5B6E81D3E80BB00F52597 /* Products */;
			projectDirPath = "";
			projectRoot = "";
			targets = (
				9FB5B6E61D3E80BB00F52597 /* BarBetsChat */,
			);
		};
/* End PBXProject section */

/* Begin PBXResourcesBuildPhase section */
		9FB5B6E51D3E80BB00F52597 /* Resources */ = {
			isa = PBXResourcesBuildPhase;
			buildActionMask = 2147483647;
			files = (
				9FB5B7001D3EAE9100F52597 /* GoogleService-Info.plist in Resources */,
				3259DE671D40282400262D3E /* dice5.png in Resources */,
				9FB5B6F51D3E80BC00F52597 /* LaunchScreen.storyboard in Resources */,
				3259DE721D40283900262D3E /* CircularCollectionViewCell.xib in Resources */,
				9FB5B6F21D3E80BC00F52597 /* Assets.xcassets in Resources */,
				3259DE621D40282400262D3E /* wood-pattern.jpg in Resources */,
				9FB5B6F01D3E80BC00F52597 /* BarstoolsStoryboard.storyboard in Resources */,
				3259DE531D4027E500262D3E /* Images in Resources */,
				3259DE681D40282400262D3E /* dice6.png in Resources */,
				3259DE5F1D40282400262D3E /* barbetslogo.png in Resources */,
				3259DE641D40282400262D3E /* dice2.png in Resources */,
				3259DE651D40282400262D3E /* dice3.png in Resources */,
				3259DE631D40282400262D3E /* dice1.png in Resources */,
				3259DE611D40282400262D3E /* barbetsicon.png in Resources */,
				3259DE601D40282400262D3E /* barbetslogo180180.png in Resources */,
				3259DE101D3FAE5000262D3E /* woodpattern.jpg in Resources */,
				3259DE661D40282400262D3E /* dice4.png in Resources */,
			);
			runOnlyForDeploymentPostprocessing = 0;
		};
/* End PBXResourcesBuildPhase section */

/* Begin PBXShellScriptBuildPhase section */
		0D80EDBE0B6AC741C94D1020 /* [CP] Embed Pods Frameworks */ = {
			isa = PBXShellScriptBuildPhase;
			buildActionMask = 2147483647;
			files = (
			);
			inputPaths = (
			);
			name = "[CP] Embed Pods Frameworks";
			outputPaths = (
			);
			runOnlyForDeploymentPostprocessing = 0;
			shellPath = /bin/sh;
			shellScript = "\"${SRCROOT}/Pods/Target Support Files/Pods-BarBetsChat/Pods-BarBetsChat-frameworks.sh\"\n";
			showEnvVarsInLog = 0;
		};
		2BB637CE1CDB9902AAD54CC2 /* [CP] Check Pods Manifest.lock */ = {
			isa = PBXShellScriptBuildPhase;
			buildActionMask = 2147483647;
			files = (
			);
			inputPaths = (
			);
			name = "[CP] Check Pods Manifest.lock";
			outputPaths = (
			);
			runOnlyForDeploymentPostprocessing = 0;
			shellPath = /bin/sh;
			shellScript = "diff \"${PODS_ROOT}/../Podfile.lock\" \"${PODS_ROOT}/Manifest.lock\" > /dev/null\nif [[ $? != 0 ]] ; then\n    cat << EOM\nerror: The sandbox is not in sync with the Podfile.lock. Run 'pod install' or update your CocoaPods installation.\nEOM\n    exit 1\nfi\n";
			showEnvVarsInLog = 0;
		};
		3DE42AEA71D603E9D9DEAEA4 /* [CP] Copy Pods Resources */ = {
			isa = PBXShellScriptBuildPhase;
			buildActionMask = 2147483647;
			files = (
			);
			inputPaths = (
			);
			name = "[CP] Copy Pods Resources";
			outputPaths = (
			);
			runOnlyForDeploymentPostprocessing = 0;
			shellPath = /bin/sh;
			shellScript = "\"${SRCROOT}/Pods/Target Support Files/Pods-BarBetsChat/Pods-BarBetsChat-resources.sh\"\n";
			showEnvVarsInLog = 0;
		};
/* End PBXShellScriptBuildPhase section */

/* Begin PBXSourcesBuildPhase section */
		9FB5B6E31D3E80BB00F52597 /* Sources */ = {
			isa = PBXSourcesBuildPhase;
			buildActionMask = 2147483647;
			files = (
				9FA9FD7D1D3FE0BE002A59A1 /* UserCell.swift in Sources */,
				9FA9FD781D3FCAB8002A59A1 /* ChatLogController.swift in Sources */,
				3259DE701D40283900262D3E /* CircularCollectionViewCell.swift in Sources */,
				9F7754791D3EC560003CA6CA /* NewMessageController.swift in Sources */,
				9FB5B6FE1D3E907400F52597 /* LoginViewController.swift in Sources */,
				9FB5B6ED1D3E80BC00F52597 /* MessagesViewController.swift in Sources */,
				9F77547C1D3ECAC3003CA6CA /* User.swift in Sources */,
				3259DE711D40283900262D3E /* CircularCollectionViewLayout.swift in Sources */,
				9FB5B6EB1D3E80BC00F52597 /* AppDelegate.swift in Sources */,
				9FA9FD7A1D3FDBE3002A59A1 /* Message.swift in Sources */,
				3259DE731D40283900262D3E /* CollectionViewController.swift in Sources */,
			);
			runOnlyForDeploymentPostprocessing = 0;
		};
/* End PBXSourcesBuildPhase section */

/* Begin PBXVariantGroup section */
		9FB5B6EE1D3E80BC00F52597 /* BarstoolsStoryboard.storyboard */ = {
			isa = PBXVariantGroup;
			children = (
				9FB5B6EF1D3E80BC00F52597 /* Base */,
			);
			name = BarstoolsStoryboard.storyboard;
			path = ../../BSBChat/BarBetsChat;
			sourceTree = "<group>";
		};
		9FB5B6F31D3E80BC00F52597 /* LaunchScreen.storyboard */ = {
			isa = PBXVariantGroup;
			children = (
				9FB5B6F41D3E80BC00F52597 /* Base */,
			);
			name = LaunchScreen.storyboard;
			sourceTree = "<group>";
		};
/* End PBXVariantGroup section */

/* Begin XCBuildConfiguration section */
		9FB5B6F71D3E80BC00F52597 /* Debug */ = {
			isa = XCBuildConfiguration;
			buildSettings = {
				ALWAYS_SEARCH_USER_PATHS = NO;
				CLANG_ANALYZER_NONNULL = YES;
				CLANG_CXX_LANGUAGE_STANDARD = "gnu++0x";
				CLANG_CXX_LIBRARY = "libc++";
				CLANG_ENABLE_MODULES = YES;
				CLANG_ENABLE_OBJC_ARC = YES;
				CLANG_WARN_BOOL_CONVERSION = YES;
				CLANG_WARN_CONSTANT_CONVERSION = YES;
				CLANG_WARN_DIRECT_OBJC_ISA_USAGE = YES_ERROR;
				CLANG_WARN_EMPTY_BODY = YES;
				CLANG_WARN_ENUM_CONVERSION = YES;
				CLANG_WARN_INT_CONVERSION = YES;
				CLANG_WARN_OBJC_ROOT_CLASS = YES_ERROR;
				CLANG_WARN_UNREACHABLE_CODE = YES;
				CLANG_WARN__DUPLICATE_METHOD_MATCH = YES;
				"CODE_SIGN_IDENTITY[sdk=iphoneos*]" = "iPhone Developer";
				COPY_PHASE_STRIP = NO;
				DEBUG_INFORMATION_FORMAT = dwarf;
				ENABLE_STRICT_OBJC_MSGSEND = YES;
				ENABLE_TESTABILITY = YES;
				GCC_C_LANGUAGE_STANDARD = gnu99;
				GCC_DYNAMIC_NO_PIC = NO;
				GCC_NO_COMMON_BLOCKS = YES;
				GCC_OPTIMIZATION_LEVEL = 0;
				GCC_PREPROCESSOR_DEFINITIONS = (
					"DEBUG=1",
					"$(inherited)",
				);
				GCC_WARN_64_TO_32_BIT_CONVERSION = YES;
				GCC_WARN_ABOUT_RETURN_TYPE = YES_ERROR;
				GCC_WARN_UNDECLARED_SELECTOR = YES;
				GCC_WARN_UNINITIALIZED_AUTOS = YES_AGGRESSIVE;
				GCC_WARN_UNUSED_FUNCTION = YES;
				GCC_WARN_UNUSED_VARIABLE = YES;
				IPHONEOS_DEPLOYMENT_TARGET = 9.3;
				MTL_ENABLE_DEBUG_INFO = YES;
				ONLY_ACTIVE_ARCH = YES;
				SDKROOT = iphoneos;
				SWIFT_OPTIMIZATION_LEVEL = "-Onone";
			};
			name = Debug;
		};
		9FB5B6F81D3E80BC00F52597 /* Release */ = {
			isa = XCBuildConfiguration;
			buildSettings = {
				ALWAYS_SEARCH_USER_PATHS = NO;
				CLANG_ANALYZER_NONNULL = YES;
				CLANG_CXX_LANGUAGE_STANDARD = "gnu++0x";
				CLANG_CXX_LIBRARY = "libc++";
				CLANG_ENABLE_MODULES = YES;
				CLANG_ENABLE_OBJC_ARC = YES;
				CLANG_WARN_BOOL_CONVERSION = YES;
				CLANG_WARN_CONSTANT_CONVERSION = YES;
				CLANG_WARN_DIRECT_OBJC_ISA_USAGE = YES_ERROR;
				CLANG_WARN_EMPTY_BODY = YES;
				CLANG_WARN_ENUM_CONVERSION = YES;
				CLANG_WARN_INT_CONVERSION = YES;
				CLANG_WARN_OBJC_ROOT_CLASS = YES_ERROR;
				CLANG_WARN_UNREACHABLE_CODE = YES;
				CLANG_WARN__DUPLICATE_METHOD_MATCH = YES;
				"CODE_SIGN_IDENTITY[sdk=iphoneos*]" = "iPhone Developer";
				COPY_PHASE_STRIP = NO;
				DEBUG_INFORMATION_FORMAT = "dwarf-with-dsym";
				ENABLE_NS_ASSERTIONS = NO;
				ENABLE_STRICT_OBJC_MSGSEND = YES;
				GCC_C_LANGUAGE_STANDARD = gnu99;
				GCC_NO_COMMON_BLOCKS = YES;
				GCC_WARN_64_TO_32_BIT_CONVERSION = YES;
				GCC_WARN_ABOUT_RETURN_TYPE = YES_ERROR;
				GCC_WARN_UNDECLARED_SELECTOR = YES;
				GCC_WARN_UNINITIALIZED_AUTOS = YES_AGGRESSIVE;
				GCC_WARN_UNUSED_FUNCTION = YES;
				GCC_WARN_UNUSED_VARIABLE = YES;
				IPHONEOS_DEPLOYMENT_TARGET = 9.3;
				MTL_ENABLE_DEBUG_INFO = NO;
				SDKROOT = iphoneos;
				VALIDATE_PRODUCT = YES;
			};
			name = Release;
		};
		9FB5B6FA1D3E80BC00F52597 /* Debug */ = {
			isa = XCBuildConfiguration;
			baseConfigurationReference = 9A1A1E0DC82AD44232F83E78 /* Pods-BarBetsChat.debug.xcconfig */;
			buildSettings = {
				ASSETCATALOG_COMPILER_APPICON_NAME = AppIcon;
				INFOPLIST_FILE = BarBetsChat/Info.plist;
				LD_RUNPATH_SEARCH_PATHS = "$(inherited) @executable_path/Frameworks";
				PRODUCT_BUNDLE_IDENTIFIER = kaylajensencoding.BarBetsChat;
				PRODUCT_NAME = "$(TARGET_NAME)";
			};
			name = Debug;
		};
		9FB5B6FB1D3E80BC00F52597 /* Release */ = {
			isa = XCBuildConfiguration;
			baseConfigurationReference = 8EF65C412C03511AFD9729EC /* Pods-BarBetsChat.release.xcconfig */;
			buildSettings = {
				ASSETCATALOG_COMPILER_APPICON_NAME = AppIcon;
				INFOPLIST_FILE = BarBetsChat/Info.plist;
				LD_RUNPATH_SEARCH_PATHS = "$(inherited) @executable_path/Frameworks";
				PRODUCT_BUNDLE_IDENTIFIER = kaylajensencoding.BarBetsChat;
				PRODUCT_NAME = "$(TARGET_NAME)";
			};
			name = Release;
		};
/* End XCBuildConfiguration section */

/* Begin XCConfigurationList section */
		9FB5B6E21D3E80BB00F52597 /* Build configuration list for PBXProject "BarBetsChat" */ = {
			isa = XCConfigurationList;
			buildConfigurations = (
				9FB5B6F71D3E80BC00F52597 /* Debug */,
				9FB5B6F81D3E80BC00F52597 /* Release */,
			);
			defaultConfigurationIsVisible = 0;
			defaultConfigurationName = Release;
		};
		9FB5B6F91D3E80BC00F52597 /* Build configuration list for PBXNativeTarget "BarBetsChat" */ = {
			isa = XCConfigurationList;
			buildConfigurations = (
				9FB5B6FA1D3E80BC00F52597 /* Debug */,
				9FB5B6FB1D3E80BC00F52597 /* Release */,
			);
			defaultConfigurationIsVisible = 0;
			defaultConfigurationName = Release;
		};
/* End XCConfigurationList section */
	};
	rootObject = 9FB5B6DF1D3E80BB00F52597 /* Project object */;
}
